github.com/yingshaoxo/gopython v0.0.0-20230315041502-8ea644f7db27 h1:mTvuUXEIBh5VxlqnoAD4jBsTg19n3/tuqYIYdCep0Bk=
github.com/yingshaoxo/gopython v0.0.0-20230315041502-8ea644f7db27/go.mod h1:agbEfceuSLUP4Nc6VeJ1P5R7bELYrWy9PzAFdfahzoM=
github.com/yingshaoxo/gopython v0.0.0-20230315093701-6dea4b370d8b h1:0RQO8MiBMIsRyhSpupVqfW/Kx2w64BCXC54AWIZPMxg=
github.com/yingshaoxo/gopython v0.0.0-20230315093701-6dea4b370d8b/go.mod h1:agbEfceuSLUP4Nc6VeJ1P5R7bELYrWy9PzAFdfahzoM=
github.com/yingshaoxo/gopython v0.0.0-20230316063400-7f0e7a789207 h1:1HhecoXSeYDLQmkwZ9HIQtH14yXqYH3JwWejDsrcODs=
github.com/yingshaoxo/gopython v0.0.0-20230316063400-7f0e7a789207/go.mod h1:agbEfceuSLUP4Nc6VeJ1P5R7bELYrWy9PzAFdfahzoM=
github.com/yingshaoxo/gopython v0.0.0-20230316092831-ae8548d150c0 h1:m7XfSF6tAWTZIJCBnR6ME4n+NIuYFgYn9d9eRmDC8us=
github.com/yingshaoxo/gopython v0.0.0-20230316092831-ae8548d150c0/go.mod h1:agbEfceuSLUP4Nc6VeJ1P5R7bELYrWy9PzAFdfahzoM=
github.com/yingshaoxo/gopython v0.0.0-20230316103102-b2c4f8538b2f h1:kHCe2ui7Yp8P1F1f0MQSKCXegQ6aSeUiqmR/13a4550=
github.com/yingshaoxo/gopython v0.0.0-20230316103102-b2c4f8538b2f/go.mod h1:agbEfceuSLUP4Nc6VeJ1P5R7bELYrWy9PzAFdfahzoM=
github.com/yingshaoxo/gopython v0.0.0-20230316120035-65618294e88b h1:kK3rtbe5h4tP7uiQm2bp68ub7NDK4pmzF+V516YMrLs=
github.com/yingshaoxo/gopython v0.0.0-20230316120035-65618294e88b/go.mod h1:agbEfceuSLUP4Nc6VeJ1P5R7bELYrWy9PzAFdfahzoM=
github.com/yingshaoxo/gopython v0.0.0-20230317030747-117ed64b2476 h1:7SJnuV7sIdrbRdi0C8v96hyuiT81V7xexe8gweWw3HA=
github.com/yingshaoxo/gopython v0.0.0-20230317030747-117ed64b2476/go.mod h1:agbEfceuSLUP4Nc6VeJ1P5R7bELYrWy9PzAFdfahzoM=
github.com/yingshaoxo/gopython v0.0.0-20230428070706-d87c99c5046a h1:aEi3+MiSHKRP7chfwFSjRpjQOtEQlP8VlxLdf40mUaA=
github.com/yingshaoxo/gopython v0.0.0-20230428070706-d87c99c5046a/go.mod h1:agbEfceuSLUP4Nc6VeJ1P5R7bELYrWy9PzAFdfahzoM=
